{
  "name": "15 Flow field 3.1",
  "lockfileVersion": 2,
  "requires": true,
  "packages": {
    "": {
      "dependencies": {
        "evaluatex": "^2.2.0"
      }
    },
    "node_modules/evaluatex": {
      "version": "2.2.0",
      "resolved": "https://registry.npmjs.org/evaluatex/-/evaluatex-2.2.0.tgz",
      "integrity": "sha512-QVtGvYTf9HvQyDjbBCwoDQPP9KMuVB56H8KalrkLsPPCQfngpVmkiIoxJ4FU/SVmlmhnbr/heOmP5VlbCTEJpg=="
    }
  },
  "dependencies": {
    "evaluatex": {
      "version": "2.2.0",
      "resolved": "https://registry.npmjs.org/evaluatex/-/evaluatex-2.2.0.tgz",
      "integrity": "sha512-QVtGvYTf9HvQyDjbBCwoDQPP9KMuVB56H8KalrkLsPPCQfngpVmkiIoxJ4FU/SVmlmhnbr/heOmP5VlbCTEJpg=="
    }
  }
}
